<?xml version="1.0" encoding="utf-8"?>
<Project ToolsVersion="4.0" xmlns="http://schemas.microsoft.com/developer/msbuild/2003">
  <ItemGroup>
    <Filter Include="Source">
      <UniqueIdentifier>{3204a5fc-503f-459f-9dc1-1441a634da9c}</UniqueIdentifier>
    </Filter>
    <Filter Include="Source\AcsFramework_Core">
      <UniqueIdentifier>{fdb952d6-8727-16fa-be67-df41a1755f31}</UniqueIdentifier>
    </Filter>
    <Filter Include="Source\AcsFramework_Core\App">
      <UniqueIdentifier>{a7ef2528-88a7-e40c-68a8-c2357cc06595}</UniqueIdentifier>
    </Filter>
    <Filter Include="Source\AcsFramework_Core\Assets">
      <UniqueIdentifier>{e03abc72-4d81-b01f-8a6f-64022d98d25f}</UniqueIdentifier>
    </Filter>
    <Filter Include="Source\AcsFramework_Core\Audio">
      <UniqueIdentifier>{c9205f2d-0948-48eb-5288-fa2e81ee35dd}</UniqueIdentifier>
    </Filter>
    <Filter Include="Source\AcsFramework_Core\Boot">
      <UniqueIdentifier>{571aa2f2-8b43-1714-b981-355e92a6406c}</UniqueIdentifier>
    </Filter>
    <Filter Include="Source\AcsFramework_Core\Event">
      <UniqueIdentifier>{4deac0f5-3ece-d63e-e4eb-349b2ddcd50e}</UniqueIdentifier>
    </Filter>
    <Filter Include="Source\AcsFramework_Core\Fade">
      <UniqueIdentifier>{f250aa12-d173-12fd-5b33-a908b9ecfcd6}</UniqueIdentifier>
    </Filter>
    <Filter Include="Source\AcsFramework_Core\Input">
      <UniqueIdentifier>{578b40b6-d626-1aa0-afca-e46214355e27}</UniqueIdentifier>
    </Filter>
    <Filter Include="Source\AcsFramework_Core\Loading">
      <UniqueIdentifier>{e394080d-0bf0-6127-0091-7a1c9f6697ee}</UniqueIdentifier>
    </Filter>
    <Filter Include="Source\AcsFramework_Core\Pause">
      <UniqueIdentifier>{890baa7b-6c9d-b590-39e8-13489b0e5746}</UniqueIdentifier>
    </Filter>
    <Filter Include="Source\AcsFramework_Core\Save">
      <UniqueIdentifier>{72d6d081-0eae-6625-2f76-86ea0b835ae4}</UniqueIdentifier>
    </Filter>
    <Filter Include="Source\AcsFramework_Core\Scene">
      <UniqueIdentifier>{67c1841a-b13b-7209-39b4-8393eb5073d6}</UniqueIdentifier>
    </Filter>
    <Filter Include="Source\AcsFramework_Core\Screen">
      <UniqueIdentifier>{baf65697-257d-0cf3-e822-e17c15909ac1}</UniqueIdentifier>
    </Filter>
    <Filter Include="Source\AcsFramework_Core\Settings">
      <UniqueIdentifier>{6101c26c-1126-a64e-e5ac-bcd6f630cdfc}</UniqueIdentifier>
    </Filter>
    <Filter Include="Source\AcsFramework_Core\State">
      <UniqueIdentifier>{e5bf6216-ce8b-cf76-ac7a-8852ab71ae9d}</UniqueIdentifier>
    </Filter>
    <Filter Include="Source\AcsFramework_Core\Text">
      <UniqueIdentifier>{5dfdb26a-8201-9452-3974-b3161e229a93}</UniqueIdentifier>
    </Filter>
    <Filter Include="Source\AcsFramework_Core\Time">
      <UniqueIdentifier>{5a2dd199-e48e-8d78-a182-b8679f301882}</UniqueIdentifier>
    </Filter>
    <Filter Include="Source\AcsFramework_Core\Timer">
      <UniqueIdentifier>{1a0bf668-8aba-a2f0-141e-19da0ecf4793}</UniqueIdentifier>
    </Filter>
    <Filter Include="Source\Common">
      <UniqueIdentifier>{0d9f2c6e-6a7b-4a1e-9f2d-5c1b8a7e4d30}</UniqueIdentifier>
    </Filter>
    <Filter Include="Source\Debug">
      <UniqueIdentifier>{074c9bd0-6ce5-1e05-ec87-3c23be35bff5}</UniqueIdentifier>
    </Filter>
    <Filter Include="Source\Debug\DebugTop">
      <UniqueIdentifier>{5affac60-4ca5-6091-7653-c6f0d33a876b}</UniqueIdentifier>
    </Filter>
    <Filter Include="Source\Debug\DebugTop\Builtin">
      <UniqueIdentifier>{43a270f2-8657-1674-b44b-de7bf7d70a06}</UniqueIdentifier>
    </Filter>
    <Filter Include="Source\Debug\DebugTop\Element">
      <UniqueIdentifier>{74ecca40-565c-1e27-df86-35335330aaa7}</UniqueIdentifier>
    </Filter>
    <Filter Include="Source\Debug\DebugTop\Input">
      <UniqueIdentifier>{1792b1b5-c3fc-c50f-abd1-5f792f4b9cea}</UniqueIdentifier>
    </Filter>
    <Filter Include="Source\Debug\DebugTop\Page">
      <UniqueIdentifier>{7eab955d-2265-49c0-2690-1b8a4a7ae189}</UniqueIdentifier>
    </Filter>
    <Filter Include="Source\Debug\DebugTop\Render">
      <UniqueIdentifier>{993efdb9-29c8-0613-870b-8fc80ae6966d}</UniqueIdentifier>
    </Filter>
    <Filter Include="Source\Debug\DebugTop\Service">
      <UniqueIdentifier>{ace50b88-a1cf-0f7d-54cb-9e4c41ee8ccd}</UniqueIdentifier>
    </Filter>
    <Filter Include="Source\Debug\DebugTop\Settings">
      <UniqueIdentifier>{8ddd5689-27db-fa4a-984a-eb15236c12d2}</UniqueIdentifier>
    </Filter>
    <Filter Include="Source\Debug\DebugTop\Widget">
      <UniqueIdentifier>{70734b3b-65c1-cb75-4eb0-e8a70a106a5d}</UniqueIdentifier>
    </Filter>
    <Filter Include="Source\EntryPoint">
      <UniqueIdentifier>{5a8c13f7-90e2-4b46-8d71-af6290c4b3d5}</UniqueIdentifier>
    </Filter>
    <Filter Include="Source\AcsFramework_Core\Audio\Music">
      <UniqueIdentifier>{b86af834-180f-5c80-b670-4a225cce99ac}</UniqueIdentifier>
    </Filter>
    <Filter Include="Source\AcsFramework_Core\Audio\Spatial">
      <UniqueIdentifier>{0fcb8e65-1390-5dd0-9035-7d24378d63c0}</UniqueIdentifier>
    </Filter>
    <Filter Include="Source\AcsFramework_Core\Scene\Prefab">
      <UniqueIdentifier>{c28dd9de-8cef-59e1-9214-a19ffaa9a107}</UniqueIdentifier>
    </Filter>
    <Filter Include="Source\AcsFramework_Core\Scene\Snapshot">
      <UniqueIdentifier>{76e4ecac-d86f-575c-a2cc-c13f48bb814c}</UniqueIdentifier>
    </Filter>
    <Filter Include="Source\Common\Text">
      <UniqueIdentifier>{310ad817-f7d7-5521-8134-5da319faf2cc}</UniqueIdentifier>
    </Filter>
    <Filter Include="Source\Debug\DevConsole">
      <UniqueIdentifier>{1b38d356-a071-5b20-afe9-f0e14dfbbabc}</UniqueIdentifier>
    </Filter>
    <Filter Include="Source\Debug\DevConsole\Builtin">
      <UniqueIdentifier>{8f784911-b79d-51c4-8342-76f95e1632c4}</UniqueIdentifier>
    </Filter>
    <Filter Include="Source\Debug\DevConsole\View">
      <UniqueIdentifier>{2f34a94e-56ab-5178-a1f7-5b2fc1b86f5f}</UniqueIdentifier>
    </Filter>
    <Filter Include="Source\Debug\HotReload">
      <UniqueIdentifier>{7c397bc4-dcaa-55c0-9fa0-3051a040b660}</UniqueIdentifier>
    </Filter>
    <Filter Include="Source\Debug\HotReload\Builtin">
      <UniqueIdentifier>{3db0c90d-5889-5a2c-b1db-25dfe8e23ccf}</UniqueIdentifier>
    </Filter>
    <Filter Include="Source\Debug\HotReload\View">
      <UniqueIdentifier>{6599b5d5-ba26-5156-bd05-04f61ffcaa48}</UniqueIdentifier>
    </Filter>
    <Filter Include="Source\Debug\Perf">
      <UniqueIdentifier>{1bd12cac-7065-59bf-bbc8-d53dffee00e1}</UniqueIdentifier>
    </Filter>
    <Filter Include="Source\Debug\Perf\View">
      <UniqueIdentifier>{48bf9a7d-223e-5655-a3fe-d26a56b947a2}</UniqueIdentifier>
    </Filter>
    <Filter Include="Source\AcsFramework_Core\Simulation">
      <UniqueIdentifier>{bf7024f6-6cd5-5779-80d2-8165d52c3c81}</UniqueIdentifier>
    </Filter>
    <Filter Include="Source\AcsFramework_Core\Simulation\Test">
      <UniqueIdentifier>{94ff8a17-dc25-5b50-87bf-800c452176bb}</UniqueIdentifier>
    </Filter>
    <Filter Include="Tools">
      <UniqueIdentifier>{f90cee88-2195-5fbe-a805-f77c58b4293c}</UniqueIdentifier>
    </Filter>
    <Filter Include="Source\AcsFramework_Core\Simulation\Input">
      <UniqueIdentifier>{791ab8b2-3a56-526f-8036-1a747fd58fe8}</UniqueIdentifier>
    </Filter>
    <Filter Include="Source\Common\File">
      <UniqueIdentifier>{848f4523-2f38-53e5-93c8-2314abf4c2c1}</UniqueIdentifier>
    </Filter>
    <Filter Include="Source\Debug\Simulation">
      <UniqueIdentifier>{2f445bb0-7958-5588-b69e-1823dfd35922}</UniqueIdentifier>
    </Filter>
    <Filter Include="Source\Debug\Simulation\View">
      <UniqueIdentifier>{280b50bc-1604-51f2-9d5b-4a28ccc52555}</UniqueIdentifier>
    </Filter>
    <Filter Include="Source\Common\Test">
      <UniqueIdentifier>{14a78228-f7fd-5a59-9e97-25600c5664b5}</UniqueIdentifier>
    </Filter>
    <Filter Include="Source\AcsFramework_Core\Audio\Music\Test">
      <UniqueIdentifier>{ac4c0dad-1294-5dda-984f-aeaa13f7e86f}</UniqueIdentifier>
    </Filter>
    <Filter Include="Source\AcsFramework_Core\Audio\Spatial\Test">
      <UniqueIdentifier>{b874881c-f5be-5e1d-a84e-b4341b7d499b}</UniqueIdentifier>
    </Filter>
    <Filter Include="Source\AcsFramework_Core\Scene\Snapshot\Test">
      <UniqueIdentifier>{37058ff1-369f-5831-9a78-e55bb24db45b}</UniqueIdentifier>
    </Filter>
    <Filter Include="Source\Debug\DevConsole\Test">
      <UniqueIdentifier>{14f2da3d-b2a3-5330-b9ea-1e83bf00506e}</UniqueIdentifier>
    </Filter>
    <Filter Include="Source\Debug\Perf\Test">
      <UniqueIdentifier>{bbc42a73-21ec-59a6-8b89-2ecc877c2486}</UniqueIdentifier>
    </Filter>
    <Filter Include="Source\AcsFramework_Core\Scene\Prefab\Test">
      <UniqueIdentifier>{f7eff7e4-7544-5ba1-84a3-a468e44e4ee9}</UniqueIdentifier>
    </Filter>
    <Filter Include="Source\Debug\HotReload\Test">
      <UniqueIdentifier>{c49a9c10-515e-5aae-82d1-6cde91decc89}</UniqueIdentifier>
    </Filter>
  </ItemGroup>
  <ItemGroup>
    <ClCompile Include="Source\AcsFramework_Core\App\AcsFrameworkApp.cpp">
      <Filter>Source\AcsFramework_Core\App</Filter>
    </ClCompile>
    <ClCompile Include="Source\AcsFramework_Core\App\AppSubsystem.cpp">
      <Filter>Source\AcsFramework_Core\App</Filter>
    </ClCompile>
    <ClCompile Include="Source\AcsFramework_Core\Assets\AssetLoadBatch.cpp">
      <Filter>Source\AcsFramework_Core\Assets</Filter>
    </ClCompile>
    <ClCompile Include="Source\AcsFramework_Core\Assets\AssetLoaderSubsystem.cpp">
      <Filter>Source\AcsFramework_Core\Assets</Filter>
    </ClCompile>
    <ClCompile Include="Source\AcsFramework_Core\Assets\AssetLoadScope.cpp">
      <Filter>Source\AcsFramework_Core\Assets</Filter>
    </ClCompile>
    <ClCompile Include="Source\AcsFramework_Core\Audio\AudioSubsystem.cpp">
      <Filter>Source\AcsFramework_Core\Audio</Filter>
    </ClCompile>
    <ClCompile Include="Source\AcsFramework_Core\Boot\BootScene.cpp">
      <Filter>Source\AcsFramework_Core\Boot</Filter>
    </ClCompile>
    <ClCompile Include="Source\AcsFramework_Core\Event\EventSubscription.cpp">
      <Filter>Source\AcsFramework_Core\Event</Filter>
    </ClCompile>
    <ClCompile Include="Source\AcsFramework_Core\Event\EventSubsystem.cpp">
      <Filter>Source\AcsFramework_Core\Event</Filter>
    </ClCompile>
    <ClCompile Include="Source\AcsFramework_Core\Fade\FadeSubsystem.cpp">
      <Filter>Source\AcsFramework_Core\Fade</Filter>
    </ClCompile>
    <ClCompile Include="Source\AcsFramework_Core\Fade\ScreenOverlayFadeState.cpp">
      <Filter>Source\AcsFramework_Core\Fade</Filter>
    </ClCompile>
    <ClCompile Include="Source\AcsFramework_Core\Input\InputRepeat.cpp">
      <Filter>Source\AcsFramework_Core\Input</Filter>
    </ClCompile>
    <ClCompile Include="Source\AcsFramework_Core\Loading\LoadingScreenDisplayScope.cpp">
      <Filter>Source\AcsFramework_Core\Loading</Filter>
    </ClCompile>
    <ClCompile Include="Source\AcsFramework_Core\Loading\LoadingScreenFollowScope.cpp">
      <Filter>Source\AcsFramework_Core\Loading</Filter>
    </ClCompile>
    <ClCompile Include="Source\AcsFramework_Core\Loading\LoadingScreenRenderer.cpp">
      <Filter>Source\AcsFramework_Core\Loading</Filter>
    </ClCompile>
    <ClCompile Include="Source\AcsFramework_Core\Loading\LoadingScreenSubsystem.cpp">
      <Filter>Source\AcsFramework_Core\Loading</Filter>
    </ClCompile>
    <ClCompile Include="Source\AcsFramework_Core\Pause\PauseScreenRenderer.cpp">
      <Filter>Source\AcsFramework_Core\Pause</Filter>
    </ClCompile>
    <ClCompile Include="Source\AcsFramework_Core\Pause\PauseScreenSubsystem.cpp">
      <Filter>Source\AcsFramework_Core\Pause</Filter>
    </ClCompile>
    <ClCompile Include="Source\AcsFramework_Core\Save\SaveSlotStore.cpp">
      <Filter>Source\AcsFramework_Core\Save</Filter>
    </ClCompile>
    <ClCompile Include="Source\AcsFramework_Core\Save\SaveSubsystem.cpp">
      <Filter>Source\AcsFramework_Core\Save</Filter>
    </ClCompile>
    <ClCompile Include="Source\AcsFramework_Core\Scene\SceneTravelSubsystem.cpp">
      <Filter>Source\AcsFramework_Core\Scene</Filter>
    </ClCompile>
    <ClCompile Include="Source\AcsFramework_Core\Scene\SceneTravelController.cpp">
      <Filter>Source\AcsFramework_Core\Scene</Filter>
    </ClCompile>
    <ClCompile Include="Source\AcsFramework_Core\Screen\ScreenSubsystem.cpp">
      <Filter>Source\AcsFramework_Core\Screen</Filter>
    </ClCompile>
    <ClCompile Include="Source\AcsFramework_Core\Settings\GameSettingsStore.cpp">
      <Filter>Source\AcsFramework_Core\Settings</Filter>
    </ClCompile>
    <ClCompile Include="Source\AcsFramework_Core\Settings\GameSettingsSubsystem.cpp">
      <Filter>Source\AcsFramework_Core\Settings</Filter>
    </ClCompile>
    <ClCompile Include="Source\AcsFramework_Core\State\AppStateSubsystem.cpp">
      <Filter>Source\AcsFramework_Core\State</Filter>
    </ClCompile>
    <ClCompile Include="Source\AcsFramework_Core\Text\StringConvert.cpp">
      <Filter>Source\AcsFramework_Core\Text</Filter>
    </ClCompile>
    <ClCompile Include="Source\AcsFramework_Core\Text\UiFontResource.cpp">
      <Filter>Source\AcsFramework_Core\Text</Filter>
    </ClCompile>
    <ClCompile Include="Source\AcsFramework_Core\Text\UiFontSubsystem.cpp">
      <Filter>Source\AcsFramework_Core\Text</Filter>
    </ClCompile>
    <ClCompile Include="Source\AcsFramework_Core\Timer\GameTimerScope.cpp">
      <Filter>Source\AcsFramework_Core\Timer</Filter>
    </ClCompile>
    <ClCompile Include="Source\AcsFramework_Core\Timer\TimerSubsystem.cpp">
      <Filter>Source\AcsFramework_Core\Timer</Filter>
    </ClCompile>
    <ClCompile Include="Source\AcsFramework_Core\Time\TimeControlState.cpp">
      <Filter>Source\AcsFramework_Core\Time</Filter>
    </ClCompile>
    <ClCompile Include="Source\AcsFramework_Core\Time\TimeSubsystem.cpp">
      <Filter>Source\AcsFramework_Core\Time</Filter>
    </ClCompile>
    <ClCompile Include="Source\Common\Pch.cpp">
      <Filter>Source\Common</Filter>
    </ClCompile>
    <ClCompile Include="Source\Debug\DebugTop\Builtin\DebugTopAppearance.cpp">
      <Filter>Source\Debug\DebugTop\Builtin</Filter>
    </ClCompile>
    <ClCompile Include="Source\Debug\DebugTop\Builtin\DebugTopFavorites.cpp">
      <Filter>Source\Debug\DebugTop\Builtin</Filter>
    </ClCompile>
    <ClCompile Include="Source\Debug\DebugTop\DebugTopHUD.cpp">
      <Filter>Source\Debug\DebugTop</Filter>
    </ClCompile>
    <ClCompile Include="Source\Debug\DebugTop\DebugTopOverlaySubsystem.cpp">
      <Filter>Source\Debug\DebugTop</Filter>
    </ClCompile>
    <ClCompile Include="Source\Debug\DebugTop\Element\DebugTopElement.cpp">
      <Filter>Source\Debug\DebugTop\Element</Filter>
    </ClCompile>
    <ClCompile Include="Source\Debug\DebugTop\Element\DebugTopElementAction.cpp">
      <Filter>Source\Debug\DebugTop\Element</Filter>
    </ClCompile>
    <ClCompile Include="Source\Debug\DebugTop\Element\DebugTopElementBool.cpp">
      <Filter>Source\Debug\DebugTop\Element</Filter>
    </ClCompile>
    <ClCompile Include="Source\Debug\DebugTop\Element\DebugTopElementColor.cpp">
      <Filter>Source\Debug\DebugTop\Element</Filter>
    </ClCompile>
    <ClCompile Include="Source\Debug\DebugTop\Element\DebugTopElementEnum.cpp">
      <Filter>Source\Debug\DebugTop\Element</Filter>
    </ClCompile>
    <ClCompile Include="Source\Debug\DebugTop\Element\DebugTopElementGraph.cpp">
      <Filter>Source\Debug\DebugTop\Element</Filter>
    </ClCompile>
    <ClCompile Include="Source\Debug\DebugTop\Element\DebugTopElementNumber.cpp">
      <Filter>Source\Debug\DebugTop\Element</Filter>
    </ClCompile>
    <ClCompile Include="Source\Debug\DebugTop\Element\DebugTopElementText.cpp">
      <Filter>Source\Debug\DebugTop\Element</Filter>
    </ClCompile>
    <ClCompile Include="Source\Debug\DebugTop\Element\DebugTopElementValue.cpp">
      <Filter>Source\Debug\DebugTop\Element</Filter>
    </ClCompile>
    <ClCompile Include="Source\Debug\DebugTop\Input\DebugTopCursor.cpp">
      <Filter>Source\Debug\DebugTop\Input</Filter>
    </ClCompile>
    <ClCompile Include="Source\Debug\DebugTop\Input\DebugTopGamepad.cpp">
      <Filter>Source\Debug\DebugTop\Input</Filter>
    </ClCompile>
    <ClCompile Include="Source\Debug\DebugTop\Input\DebugTopKeyNav.cpp">
      <Filter>Source\Debug\DebugTop\Input</Filter>
    </ClCompile>
    <ClCompile Include="Source\Debug\DebugTop\Input\DebugTopTextEdit.cpp">
      <Filter>Source\Debug\DebugTop\Input</Filter>
    </ClCompile>
    <ClCompile Include="Source\Debug\DebugTop\Page\DebugTopEntity.cpp">
      <Filter>Source\Debug\DebugTop\Page</Filter>
    </ClCompile>
    <ClCompile Include="Source\Debug\DebugTop\Page\DebugTopRowMouse.cpp">
      <Filter>Source\Debug\DebugTop\Page</Filter>
    </ClCompile>
    <ClCompile Include="Source\Debug\DebugTop\Page\DebugTopRowScroller.cpp">
      <Filter>Source\Debug\DebugTop\Page</Filter>
    </ClCompile>
    <ClCompile Include="Source\Debug\DebugTop\Page\DebugTopValueEditor.cpp">
      <Filter>Source\Debug\DebugTop\Page</Filter>
    </ClCompile>
    <ClCompile Include="Source\Debug\DebugTop\Render\DebugTopColorField.cpp">
      <Filter>Source\Debug\DebugTop\Render</Filter>
    </ClCompile>
    <ClCompile Include="Source\Debug\DebugTop\Render\DebugTopDraw.cpp">
      <Filter>Source\Debug\DebugTop\Render</Filter>
    </ClCompile>
    <ClCompile Include="Source\Debug\DebugTop\Render\DebugTopFontCache.cpp">
      <Filter>Source\Debug\DebugTop\Render</Filter>
    </ClCompile>
    <ClCompile Include="Source\Debug\DebugTop\Render\DebugTopOverlayRenderer.cpp">
      <Filter>Source\Debug\DebugTop\Render</Filter>
    </ClCompile>
    <ClCompile Include="Source\Debug\DebugTop\Service\DebugTopDirectory.cpp">
      <Filter>Source\Debug\DebugTop\Service</Filter>
    </ClCompile>
    <ClCompile Include="Source\Debug\DebugTop\Service\DebugTopFileDialog.cpp">
      <Filter>Source\Debug\DebugTop\Service</Filter>
    </ClCompile>
    <ClCompile Include="Source\Debug\DebugTop\Service\DebugTopHistory.cpp">
      <Filter>Source\Debug\DebugTop\Service</Filter>
    </ClCompile>
    <ClCompile Include="Source\Debug\DebugTop\Service\DebugTopSearchIndex.cpp">
      <Filter>Source\Debug\DebugTop\Service</Filter>
    </ClCompile>
    <ClCompile Include="Source\Debug\DebugTop\Service\DebugTopShortcuts.cpp">
      <Filter>Source\Debug\DebugTop\Service</Filter>
    </ClCompile>
    <ClCompile Include="Source\Debug\DebugTop\Service\DebugTopSnapshot.cpp">
      <Filter>Source\Debug\DebugTop\Service</Filter>
    </ClCompile>
    <ClCompile Include="Source\Debug\DebugTop\Settings\DebugTopSettings.cpp">
      <Filter>Source\Debug\DebugTop\Settings</Filter>
    </ClCompile>
    <ClCompile Include="Source\Debug\DebugTop\Settings\DebugTopSettingsBinary.cpp">
      <Filter>Source\Debug\DebugTop\Settings</Filter>
    </ClCompile>
    <ClCompile Include="Source\Debug\DebugTop\Settings\DebugTopSettingsBytes.cpp">
      <Filter>Source\Debug\DebugTop\Settings</Filter>
    </ClCompile>
    <ClCompile Include="Source\Debug\DebugTop\Settings\DebugTopSettingsFormat.cpp">
      <Filter>Source\Debug\DebugTop\Settings</Filter>
    </ClCompile>
    <ClCompile Include="Source\Debug\DebugTop\Settings\DebugTopSettingsJson.cpp">
      <Filter>Source\Debug\DebugTop\Settings</Filter>
    </ClCompile>
    <ClCompile Include="Source\Debug\DebugTop\Settings\DebugTopSettingsPath.cpp">
      <Filter>Source\Debug\DebugTop\Settings</Filter>
    </ClCompile>
    <ClCompile Include="Source\Debug\DebugTop\Settings\DebugTopSettingsText.cpp">
      <Filter>Source\Debug\DebugTop\Settings</Filter>
    </ClCompile>
    <ClCompile Include="Source\Debug\DebugTop\Settings\DebugTopSettingsVisitor.cpp">
      <Filter>Source\Debug\DebugTop\Settings</Filter>
    </ClCompile>
    <ClCompile Include="Source\Debug\DebugTop\Widget\DebugTopColorPicker.cpp">
      <Filter>Source\Debug\DebugTop\Widget</Filter>
    </ClCompile>
    <ClCompile Include="Source\Debug\DebugTop\Widget\DebugTopFilterBox.cpp">
      <Filter>Source\Debug\DebugTop\Widget</Filter>
    </ClCompile>
    <ClCompile Include="Source\Debug\DebugTop\Widget\DebugTopPathBrowser.cpp">
      <Filter>Source\Debug\DebugTop\Widget</Filter>
    </ClCompile>
    <ClCompile Include="Source\Debug\DebugTop\Widget\DebugTopSearchBox.cpp">
      <Filter>Source\Debug\DebugTop\Widget</Filter>
    </ClCompile>
    <ClCompile Include="Source\Debug\DebugTop\Widget\DebugTopToast.cpp">
      <Filter>Source\Debug\DebugTop\Widget</Filter>
    </ClCompile>
    <ClCompile Include="Source\Debug\DebugTop\Widget\DebugTopToastStack.cpp">
      <Filter>Source\Debug\DebugTop\Widget</Filter>
    </ClCompile>
    <ClCompile Include="Source\Debug\DebugTop\Widget\DebugTopTooltip.cpp">
      <Filter>Source\Debug\DebugTop\Widget</Filter>
    </ClCompile>
    <ClCompile Include="Source\EntryPoint\EntryPoint.cpp">
      <Filter>Source\EntryPoint</Filter>
    </ClCompile>
    <ClCompile Include="Source\AcsFramework_Core\Audio\Music\MusicStateArbiter.cpp">
      <Filter>Source\AcsFramework_Core\Audio\Music</Filter>
    </ClCompile>
    <ClCompile Include="Source\AcsFramework_Core\Audio\Music\MusicStingerPump.cpp">
      <Filter>Source\AcsFramework_Core\Audio\Music</Filter>
    </ClCompile>
    <ClCompile Include="Source\AcsFramework_Core\Audio\Music\MusicSubsystem.cpp">
      <Filter>Source\AcsFramework_Core\Audio\Music</Filter>
    </ClCompile>
    <ClCompile Include="Source\AcsFramework_Core\Audio\Music\MusicTrackCatalog.cpp">
      <Filter>Source\AcsFramework_Core\Audio\Music</Filter>
    </ClCompile>
    <ClCompile Include="Source\AcsFramework_Core\Audio\Spatial\SpatialAudioSubsystem.cpp">
      <Filter>Source\AcsFramework_Core\Audio\Spatial</Filter>
    </ClCompile>
    <ClCompile Include="Source\AcsFramework_Core\Audio\Spatial\SpatialListenerBinder.cpp">
      <Filter>Source\AcsFramework_Core\Audio\Spatial</Filter>
    </ClCompile>
    <ClCompile Include="Source\AcsFramework_Core\Audio\Spatial\SpatialSfxRouter.cpp">
      <Filter>Source\AcsFramework_Core\Audio\Spatial</Filter>
    </ClCompile>
    <ClCompile Include="Source\AcsFramework_Core\Audio\Spatial\SpatialSourceRegistry.cpp">
      <Filter>Source\AcsFramework_Core\Audio\Spatial</Filter>
    </ClCompile>
    <ClCompile Include="Source\AcsFramework_Core\Scene\Prefab\PrefabRegistrar.cpp">
      <Filter>Source\AcsFramework_Core\Scene\Prefab</Filter>
    </ClCompile>
    <ClCompile Include="Source\AcsFramework_Core\Scene\Prefab\PrefabSpawner.cpp">
      <Filter>Source\AcsFramework_Core\Scene\Prefab</Filter>
    </ClCompile>
    <ClCompile Include="Source\AcsFramework_Core\Scene\Prefab\PrefabSubsystem.cpp">
      <Filter>Source\AcsFramework_Core\Scene\Prefab</Filter>
    </ClCompile>
    <ClCompile Include="Source\AcsFramework_Core\Scene\Snapshot\SceneSnapshotBuffer.cpp">
      <Filter>Source\AcsFramework_Core\Scene\Snapshot</Filter>
    </ClCompile>
    <ClCompile Include="Source\AcsFramework_Core\Scene\Snapshot\SceneSnapshotFile.cpp">
      <Filter>Source\AcsFramework_Core\Scene\Snapshot</Filter>
    </ClCompile>
    <ClCompile Include="Source\AcsFramework_Core\Scene\Snapshot\SceneSnapshotReader.cpp">
      <Filter>Source\AcsFramework_Core\Scene\Snapshot</Filter>
    </ClCompile>
    <ClCompile Include="Source\AcsFramework_Core\Scene\Snapshot\SceneSnapshotStatus.cpp">
      <Filter>Source\AcsFramework_Core\Scene\Snapshot</Filter>
    </ClCompile>
    <ClCompile Include="Source\AcsFramework_Core\Scene\Snapshot\SceneSnapshotSubsystem.cpp">
      <Filter>Source\AcsFramework_Core\Scene\Snapshot</Filter>
    </ClCompile>
    <ClCompile Include="Source\AcsFramework_Core\Scene\Snapshot\SceneSnapshotWriter.cpp">
      <Filter>Source\AcsFramework_Core\Scene\Snapshot</Filter>
    </ClCompile>
    <ClCompile Include="Source\Common\Text\InternedNamePool.cpp">
      <Filter>Source\Common\Text</Filter>
    </ClCompile>
    <ClCompile Include="Source\Debug\DevConsole\Builtin\ConsoleCommandsApp.cpp">
      <Filter>Source\Debug\DevConsole\Builtin</Filter>
    </ClCompile>
    <ClCompile Include="Source\Debug\DevConsole\Builtin\ConsoleCommandsAudio.cpp">
      <Filter>Source\Debug\DevConsole\Builtin</Filter>
    </ClCompile>
    <ClCompile Include="Source\Debug\DevConsole\Builtin\ConsoleCommandsPerf.cpp">
      <Filter>Source\Debug\DevConsole\Builtin</Filter>
    </ClCompile>
    <ClCompile Include="Source\Debug\DevConsole\ConsoleArgumentReader.cpp">
      <Filter>Source\Debug\DevConsole</Filter>
    </ClCompile>
    <ClCompile Include="Source\Debug\DevConsole\ConsoleCommandRegistrar.cpp">
      <Filter>Source\Debug\DevConsole</Filter>
    </ClCompile>
    <ClCompile Include="Source\Debug\DevConsole\ConsoleLogTail.cpp">
      <Filter>Source\Debug\DevConsole</Filter>
    </ClCompile>
    <ClCompile Include="Source\Debug\DevConsole\DevConsoleSubsystem.cpp">
      <Filter>Source\Debug\DevConsole</Filter>
    </ClCompile>
    <ClCompile Include="Source\Debug\DevConsole\View\ConsoleLogRow.cpp">
      <Filter>Source\Debug\DevConsole\View</Filter>
    </ClCompile>
    <ClCompile Include="Source\Debug\DevConsole\View\DevConsolePage.cpp">
      <Filter>Source\Debug\DevConsole\View</Filter>
    </ClCompile>
    <ClCompile Include="Source\Debug\HotReload\Builtin\HotReloadLogHandler.cpp">
      <Filter>Source\Debug\HotReload\Builtin</Filter>
    </ClCompile>
    <ClCompile Include="Source\Debug\HotReload\HotReloadDispatcher.cpp">
      <Filter>Source\Debug\HotReload</Filter>
    </ClCompile>
    <ClCompile Include="Source\Debug\HotReload\HotReloadSubsystem.cpp">
      <Filter>Source\Debug\HotReload</Filter>
    </ClCompile>
    <ClCompile Include="Source\Debug\HotReload\HotReloadWatchPlan.cpp">
      <Filter>Source\Debug\HotReload</Filter>
    </ClCompile>
    <ClCompile Include="Source\Debug\HotReload\View\HotReloadPage.cpp">
      <Filter>Source\Debug\HotReload\View</Filter>
    </ClCompile>
    <ClCompile Include="Source\Debug\Perf\PerfBudgetSnapshot.cpp">
      <Filter>Source\Debug\Perf</Filter>
    </ClCompile>
    <ClCompile Include="Source\Debug\Perf\PerfBudgetSubsystem.cpp">
      <Filter>Source\Debug\Perf</Filter>
    </ClCompile>
    <ClCompile Include="Source\Debug\Perf\PerfCategoryPlan.cpp">
      <Filter>Source\Debug\Perf</Filter>
    </ClCompile>
    <ClCompile Include="Source\Debug\Perf\ScopedPerfSample.cpp">
      <Filter>Source\Debug\Perf</Filter>
    </ClCompile>
    <ClCompile Include="Source\Debug\Perf\View\PerfBudgetPage.cpp">
      <Filter>Source\Debug\Perf\View</Filter>
    </ClCompile>
    <ClCompile Include="Source\Debug\Perf\View\PerfCategoryRow.cpp">
      <Filter>Source\Debug\Perf\View</Filter>
    </ClCompile>
    <ClCompile Include="Source\AcsFramework_Core\Simulation\ActionInputTape.cpp">
      <Filter>Source\AcsFramework_Core\Simulation</Filter>
    </ClCompile>
    <ClCompile Include="Source\AcsFramework_Core\Simulation\DeterministicRandom.cpp">
      <Filter>Source\AcsFramework_Core\Simulation</Filter>
    </ClCompile>
    <ClCompile Include="Source\AcsFramework_Core\Simulation\FixedStepDriver.cpp">
      <Filter>Source\AcsFramework_Core\Simulation</Filter>
    </ClCompile>
    <ClCompile Include="Source\AcsFramework_Core\Simulation\SimulationEventQueue.cpp">
      <Filter>Source\AcsFramework_Core\Simulation</Filter>
    </ClCompile>
    <ClCompile Include="Source\AcsFramework_Core\Simulation\SimulationSubsystem.cpp">
      <Filter>Source\AcsFramework_Core\Simulation</Filter>
    </ClCompile>
    <ClCompile Include="Source\AcsFramework_Core\Simulation\Input\ActionBindingTable.cpp">
      <Filter>Source\AcsFramework_Core\Simulation\Input</Filter>
    </ClCompile>
    <ClCompile Include="Source\AcsFramework_Core\Simulation\Input\DeviceActionReader.cpp">
      <Filter>Source\AcsFramework_Core\Simulation\Input</Filter>
    </ClCompile>
    <ClCompile Include="Source\AcsFramework_Core\Simulation\Input\BoundActionSource.cpp">
      <Filter>Source\AcsFramework_Core\Simulation\Input</Filter>
    </ClCompile>
    <ClCompile Include="Source\AcsFramework_Core\Simulation\ReplayFile.cpp">
      <Filter>Source\AcsFramework_Core\Simulation</Filter>
    </ClCompile>
    <ClCompile Include="Source\Common\File\AcsArchiveFile.cpp">
      <Filter>Source\Common\File</Filter>
    </ClCompile>
    <ClCompile Include="Source\Debug\Simulation\View\SimulationPage.cpp">
      <Filter>Source\Debug\Simulation\View</Filter>
    </ClCompile>
    <ClCompile Include="Source\AcsFramework_Core\Simulation\SimulationSnapshot.cpp">
      <Filter>Source\AcsFramework_Core\Simulation</Filter>
    </ClCompile>
    <ClCompile Include="Source\AcsFramework_Core\Simulation\SimulationSnapshotFile.cpp">
      <Filter>Source\AcsFramework_Core\Simulation</Filter>
    </ClCompile>
    <ClCompile Include="Source\Debug\HotReload\WatcherEventSource.cpp">
      <Filter>Source\Debug\HotReload</Filter>
    </ClCompile>
    <ClCompile Include="Source\AcsFramework_Core\Text\Localization\TextArgument.cpp">
      <Filter>Source\AcsFramework_Core\Text\Localization</Filter>
    </ClCompile>
    <ClCompile Include="Source\AcsFramework_Core\Text\Localization\TextFormatter.cpp">
      <Filter>Source\AcsFramework_Core\Text\Localization</Filter>
    </ClCompile>
    <ClCompile Include="Source\AcsFramework_Core\Text\Localization\LocaleCatalog.cpp">
      <Filter>Source\AcsFramework_Core\Text\Localization</Filter>
    </ClCompile>
    <ClCompile Include="Source\AcsFramework_Core\Text\Localization\LocaleName.cpp">
      <Filter>Source\AcsFramework_Core\Text\Localization</Filter>
    </ClCompile>
    <ClCompile Include="Source\AcsFramework_Core\Text\Localization\LocalizationTableParser.cpp">
      <Filter>Source\AcsFramework_Core\Text\Localization</Filter>
    </ClCompile>
    <ClCompile Include="Source\AcsFramework_Core\Text\Localization\LocaleChangeBroadcaster.cpp">
      <Filter>Source\AcsFramework_Core\Text\Localization</Filter>
    </ClCompile>
    <ClCompile Include="Source\AcsFramework_Core\Text\Localization\LocalizationSubsystem.cpp">
      <Filter>Source\AcsFramework_Core\Text\Localization</Filter>
    </ClCompile>
    <ClCompile Include="Source\AcsFramework_Core\Scene\Model3D\Model3DSpawnParams.cpp">
      <Filter>Source\AcsFramework_Core\Scene\Model3D</Filter>
    </ClCompile>
    <ClCompile Include="Source\AcsFramework_Core\Scene\Model3D\Model3DSpawner.cpp">
      <Filter>Source\AcsFramework_Core\Scene\Model3D</Filter>
    </ClCompile>
  </ItemGroup>
  <ItemGroup>
    <ClInclude Include="Source\AcsFramework_Core\AcsFramework.h">
      <Filter>Source\AcsFramework_Core</Filter>
    </ClInclude>
    <ClInclude Include="Source\AcsFramework_Core\App\AcsFrameworkApp.h">
      <Filter>Source\AcsFramework_Core\App</Filter>
    </ClInclude>
    <ClInclude Include="Source\AcsFramework_Core\App\AppSubsystem.h">
      <Filter>Source\AcsFramework_Core\App</Filter>
    </ClInclude>
    <ClInclude Include="Source\AcsFramework_Core\Assets\AssetLoadBatch.h">
      <Filter>Source\AcsFramework_Core\Assets</Filter>
    </ClInclude>
    <ClInclude Include="Source\AcsFramework_Core\Assets\AssetLoaderSubsystem.h">
      <Filter>Source\AcsFramework_Core\Assets</Filter>
    </ClInclude>
    <ClInclude Include="Source\AcsFramework_Core\Assets\AssetLoadRequest.h">
      <Filter>Source\AcsFramework_Core\Assets</Filter>
    </ClInclude>
    <ClInclude Include="Source\AcsFramework_Core\Assets\AssetLoadScope.h">
      <Filter>Source\AcsFramework_Core\Assets</Filter>
    </ClInclude>
    <ClInclude Include="Source\AcsFramework_Core\Audio\AudioSubsystem.h">
      <Filter>Source\AcsFramework_Core\Audio</Filter>
    </ClInclude>
    <ClInclude Include="Source\AcsFramework_Core\Boot\BootScene.h">
      <Filter>Source\AcsFramework_Core\Boot</Filter>
    </ClInclude>
    <ClInclude Include="Source\AcsFramework_Core\Event\EventSubscription.h">
      <Filter>Source\AcsFramework_Core\Event</Filter>
    </ClInclude>
    <ClInclude Include="Source\AcsFramework_Core\Event\EventSubsystem.h">
      <Filter>Source\AcsFramework_Core\Event</Filter>
    </ClInclude>
    <ClInclude Include="Source\AcsFramework_Core\Fade\FadeSubsystem.h">
      <Filter>Source\AcsFramework_Core\Fade</Filter>
    </ClInclude>
    <ClInclude Include="Source\AcsFramework_Core\Fade\ScreenOverlayFadeState.h">
      <Filter>Source\AcsFramework_Core\Fade</Filter>
    </ClInclude>
    <ClInclude Include="Source\AcsFramework_Core\Input\InputRepeat.h">
      <Filter>Source\AcsFramework_Core\Input</Filter>
    </ClInclude>
    <ClInclude Include="Source\AcsFramework_Core\Loading\LoadingScreenDisplayScope.h">
      <Filter>Source\AcsFramework_Core\Loading</Filter>
    </ClInclude>
    <ClInclude Include="Source\AcsFramework_Core\Loading\LoadingScreenFollowScope.h">
      <Filter>Source\AcsFramework_Core\Loading</Filter>
    </ClInclude>
    <ClInclude Include="Source\AcsFramework_Core\Loading\LoadingScreenRenderer.h">
      <Filter>Source\AcsFramework_Core\Loading</Filter>
    </ClInclude>
    <ClInclude Include="Source\AcsFramework_Core\Loading\LoadingScreenSubsystem.h">
      <Filter>Source\AcsFramework_Core\Loading</Filter>
    </ClInclude>
    <ClInclude Include="Source\AcsFramework_Core\Pause\PauseScreenRenderer.h">
      <Filter>Source\AcsFramework_Core\Pause</Filter>
    </ClInclude>
    <ClInclude Include="Source\AcsFramework_Core\Pause\PauseScreenSubsystem.h">
      <Filter>Source\AcsFramework_Core\Pause</Filter>
    </ClInclude>
    <ClInclude Include="Source\AcsFramework_Core\Save\SaveSlotInfo.h">
      <Filter>Source\AcsFramework_Core\Save</Filter>
    </ClInclude>
    <ClInclude Include="Source\AcsFramework_Core\Save\SaveSlotStore.h">
      <Filter>Source\AcsFramework_Core\Save</Filter>
    </ClInclude>
    <ClInclude Include="Source\AcsFramework_Core\Save\SaveSubsystem.h">
      <Filter>Source\AcsFramework_Core\Save</Filter>
    </ClInclude>
    <ClInclude Include="Source\AcsFramework_Core\Scene\SceneTransition.h">
      <Filter>Source\AcsFramework_Core\Scene</Filter>
    </ClInclude>
    <ClInclude Include="Source\AcsFramework_Core\Scene\SceneTravelController.h">
      <Filter>Source\AcsFramework_Core\Scene</Filter>
    </ClInclude>
    <ClInclude Include="Source\AcsFramework_Core\Scene\SceneTravelSubsystem.h">
      <Filter>Source\AcsFramework_Core\Scene</Filter>
    </ClInclude>
    <ClInclude Include="Source\AcsFramework_Core\Screen\ScreenSubsystem.h">
      <Filter>Source\AcsFramework_Core\Screen</Filter>
    </ClInclude>
    <ClInclude Include="Source\AcsFramework_Core\Settings\GameSettingsStore.h">
      <Filter>Source\AcsFramework_Core\Settings</Filter>
    </ClInclude>
    <ClInclude Include="Source\AcsFramework_Core\Settings\GameSettingsSubsystem.h">
      <Filter>Source\AcsFramework_Core\Settings</Filter>
    </ClInclude>
    <ClInclude Include="Source\AcsFramework_Core\State\AppStateSubsystem.h">
      <Filter>Source\AcsFramework_Core\State</Filter>
    </ClInclude>
    <ClInclude Include="Source\AcsFramework_Core\Text\StringConvert.h">
      <Filter>Source\AcsFramework_Core\Text</Filter>
    </ClInclude>
    <ClInclude Include="Source\AcsFramework_Core\Text\UiFontResource.h">
      <Filter>Source\AcsFramework_Core\Text</Filter>
    </ClInclude>
    <ClInclude Include="Source\AcsFramework_Core\Text\UiFontSubsystem.h">
      <Filter>Source\AcsFramework_Core\Text</Filter>
    </ClInclude>
    <ClInclude Include="Source\AcsFramework_Core\Timer\GameTimer.h">
      <Filter>Source\AcsFramework_Core\Timer</Filter>
    </ClInclude>
    <ClInclude Include="Source\AcsFramework_Core\Timer\GameTimerScope.h">
      <Filter>Source\AcsFramework_Core\Timer</Filter>
    </ClInclude>
    <ClInclude Include="Source\AcsFramework_Core\Timer\TimerSubsystem.h">
      <Filter>Source\AcsFramework_Core\Timer</Filter>
    </ClInclude>
    <ClInclude Include="Source\AcsFramework_Core\Time\TimeControlState.h">
      <Filter>Source\AcsFramework_Core\Time</Filter>
    </ClInclude>
    <ClInclude Include="Source\AcsFramework_Core\Time\TimeSubsystem.h">
      <Filter>Source\AcsFramework_Core\Time</Filter>
    </ClInclude>
    <ClInclude Include="Source\Common\Pch.h">
      <Filter>Source\Common</Filter>
    </ClInclude>
    <ClInclude Include="Source\Debug\DebugTop\Builtin\DebugTopAppearance.h">
      <Filter>Source\Debug\DebugTop\Builtin</Filter>
    </ClInclude>
    <ClInclude Include="Source\Debug\DebugTop\Builtin\DebugTopFavorites.h">
      <Filter>Source\Debug\DebugTop\Builtin</Filter>
    </ClInclude>
    <ClInclude Include="Source\Debug\DebugTop\DebugTopHUD.h">
      <Filter>Source\Debug\DebugTop</Filter>
    </ClInclude>
    <ClInclude Include="Source\Debug\DebugTop\DebugTopOverlaySubsystem.h">
      <Filter>Source\Debug\DebugTop</Filter>
    </ClInclude>
    <ClInclude Include="Source\Debug\DebugTop\Element\DebugTopElement.h">
      <Filter>Source\Debug\DebugTop\Element</Filter>
    </ClInclude>
    <ClInclude Include="Source\Debug\DebugTop\Element\DebugTopElementAction.h">
      <Filter>Source\Debug\DebugTop\Element</Filter>
    </ClInclude>
    <ClInclude Include="Source\Debug\DebugTop\Element\DebugTopElementArray.h">
      <Filter>Source\Debug\DebugTop\Element</Filter>
    </ClInclude>
    <ClInclude Include="Source\Debug\DebugTop\Element\DebugTopElementBool.h">
      <Filter>Source\Debug\DebugTop\Element</Filter>
    </ClInclude>
    <ClInclude Include="Source\Debug\DebugTop\Element\DebugTopElementColor.h">
      <Filter>Source\Debug\DebugTop\Element</Filter>
    </ClInclude>
    <ClInclude Include="Source\Debug\DebugTop\Element\DebugTopElementEnum.h">
      <Filter>Source\Debug\DebugTop\Element</Filter>
    </ClInclude>
    <ClInclude Include="Source\Debug\DebugTop\Element\DebugTopElementGraph.h">
      <Filter>Source\Debug\DebugTop\Element</Filter>
    </ClInclude>
    <ClInclude Include="Source\Debug\DebugTop\Element\DebugTopElementNumber.h">
      <Filter>Source\Debug\DebugTop\Element</Filter>
    </ClInclude>
    <ClInclude Include="Source\Debug\DebugTop\Element\DebugTopElements.h">
      <Filter>Source\Debug\DebugTop\Element</Filter>
    </ClInclude>
    <ClInclude Include="Source\Debug\DebugTop\Element\DebugTopElementText.h">
      <Filter>Source\Debug\DebugTop\Element</Filter>
    </ClInclude>
    <ClInclude Include="Source\Debug\DebugTop\Element\DebugTopElementTypes.h">
      <Filter>Source\Debug\DebugTop\Element</Filter>
    </ClInclude>
    <ClInclude Include="Source\Debug\DebugTop\Element\DebugTopElementValue.h">
      <Filter>Source\Debug\DebugTop\Element</Filter>
    </ClInclude>
    <ClInclude Include="Source\Debug\DebugTop\Element\DebugTopElementVector.h">
      <Filter>Source\Debug\DebugTop\Element</Filter>
    </ClInclude>
    <ClInclude Include="Source\Debug\DebugTop\Element\DebugTopElementWatch.h">
      <Filter>Source\Debug\DebugTop\Element</Filter>
    </ClInclude>
    <ClInclude Include="Source\Debug\DebugTop\Input\DebugTopCursor.h">
      <Filter>Source\Debug\DebugTop\Input</Filter>
    </ClInclude>
    <ClInclude Include="Source\Debug\DebugTop\Input\DebugTopGamepad.h">
      <Filter>Source\Debug\DebugTop\Input</Filter>
    </ClInclude>
    <ClInclude Include="Source\Debug\DebugTop\Input\DebugTopKeyNav.h">
      <Filter>Source\Debug\DebugTop\Input</Filter>
    </ClInclude>
    <ClInclude Include="Source\Debug\DebugTop\Input\DebugTopTextEdit.h">
      <Filter>Source\Debug\DebugTop\Input</Filter>
    </ClInclude>
    <ClInclude Include="Source\Debug\DebugTop\Page\DebugTopEntity.h">
      <Filter>Source\Debug\DebugTop\Page</Filter>
    </ClInclude>
    <ClInclude Include="Source\Debug\DebugTop\Page\DebugTopRowMouse.h">
      <Filter>Source\Debug\DebugTop\Page</Filter>
    </ClInclude>
    <ClInclude Include="Source\Debug\DebugTop\Page\DebugTopRowScroller.h">
      <Filter>Source\Debug\DebugTop\Page</Filter>
    </ClInclude>
    <ClInclude Include="Source\Debug\DebugTop\Page\DebugTopValueEditor.h">
      <Filter>Source\Debug\DebugTop\Page</Filter>
    </ClInclude>
    <ClInclude Include="Source\Debug\DebugTop\Render\DebugTopColorField.h">
      <Filter>Source\Debug\DebugTop\Render</Filter>
    </ClInclude>
    <ClInclude Include="Source\Debug\DebugTop\Render\DebugTopDraw.h">
      <Filter>Source\Debug\DebugTop\Render</Filter>
    </ClInclude>
    <ClInclude Include="Source\Debug\DebugTop\Render\DebugTopFontCache.h">
      <Filter>Source\Debug\DebugTop\Render</Filter>
    </ClInclude>
    <ClInclude Include="Source\Debug\DebugTop\Render\DebugTopOverlayRenderer.h">
      <Filter>Source\Debug\DebugTop\Render</Filter>
    </ClInclude>
    <ClInclude Include="Source\Debug\DebugTop\Service\DebugTopDirectory.h">
      <Filter>Source\Debug\DebugTop\Service</Filter>
    </ClInclude>
    <ClInclude Include="Source\Debug\DebugTop\Service\DebugTopFileDialog.h">
      <Filter>Source\Debug\DebugTop\Service</Filter>
    </ClInclude>
    <ClInclude Include="Source\Debug\DebugTop\Service\DebugTopHistory.h">
      <Filter>Source\Debug\DebugTop\Service</Filter>
    </ClInclude>
    <ClInclude Include="Source\Debug\DebugTop\Service\DebugTopSearchIndex.h">
      <Filter>Source\Debug\DebugTop\Service</Filter>
    </ClInclude>
    <ClInclude Include="Source\Debug\DebugTop\Service\DebugTopShortcuts.h">
      <Filter>Source\Debug\DebugTop\Service</Filter>
    </ClInclude>
    <ClInclude Include="Source\Debug\DebugTop\Service\DebugTopSnapshot.h">
      <Filter>Source\Debug\DebugTop\Service</Filter>
    </ClInclude>
    <ClInclude Include="Source\Debug\DebugTop\Settings\DebugTopSetting.h">
      <Filter>Source\Debug\DebugTop\Settings</Filter>
    </ClInclude>
    <ClInclude Include="Source\Debug\DebugTop\Settings\DebugTopSettings.h">
      <Filter>Source\Debug\DebugTop\Settings</Filter>
    </ClInclude>
    <ClInclude Include="Source\Debug\DebugTop\Settings\DebugTopSettingsBinary.h">
      <Filter>Source\Debug\DebugTop\Settings</Filter>
    </ClInclude>
    <ClInclude Include="Source\Debug\DebugTop\Settings\DebugTopSettingsBytes.h">
      <Filter>Source\Debug\DebugTop\Settings</Filter>
    </ClInclude>
    <ClInclude Include="Source\Debug\DebugTop\Settings\DebugTopSettingsFormat.h">
      <Filter>Source\Debug\DebugTop\Settings</Filter>
    </ClInclude>
    <ClInclude Include="Source\Debug\DebugTop\Settings\DebugTopSettingsJson.h">
      <Filter>Source\Debug\DebugTop\Settings</Filter>
    </ClInclude>
    <ClInclude Include="Source\Debug\DebugTop\Settings\DebugTopSettingsPath.h">
      <Filter>Source\Debug\DebugTop\Settings</Filter>
    </ClInclude>
    <ClInclude Include="Source\Debug\DebugTop\Settings\DebugTopSettingsText.h">
      <Filter>Source\Debug\DebugTop\Settings</Filter>
    </ClInclude>
    <ClInclude Include="Source\Debug\DebugTop\Settings\DebugTopSettingsVisitor.h">
      <Filter>Source\Debug\DebugTop\Settings</Filter>
    </ClInclude>
    <ClInclude Include="Source\Debug\DebugTop\Widget\DebugTopColorPicker.h">
      <Filter>Source\Debug\DebugTop\Widget</Filter>
    </ClInclude>
    <ClInclude Include="Source\Debug\DebugTop\Widget\DebugTopFilterBox.h">
      <Filter>Source\Debug\DebugTop\Widget</Filter>
    </ClInclude>
    <ClInclude Include="Source\Debug\DebugTop\Widget\DebugTopPathBrowser.h">
      <Filter>Source\Debug\DebugTop\Widget</Filter>
    </ClInclude>
    <ClInclude Include="Source\Debug\DebugTop\Widget\DebugTopSearchBox.h">
      <Filter>Source\Debug\DebugTop\Widget</Filter>
    </ClInclude>
    <ClInclude Include="Source\Debug\DebugTop\Widget\DebugTopToast.h">
      <Filter>Source\Debug\DebugTop\Widget</Filter>
    </ClInclude>
    <ClInclude Include="Source\Debug\DebugTop\Widget\DebugTopToastStack.h">
      <Filter>Source\Debug\DebugTop\Widget</Filter>
    </ClInclude>
    <ClInclude Include="Source\Debug\DebugTop\Widget\DebugTopTooltip.h">
      <Filter>Source\Debug\DebugTop\Widget</Filter>
    </ClInclude>
    <ClInclude Include="Source\EntryPoint\EntryPoint.h">
      <Filter>Source\EntryPoint</Filter>
    </ClInclude>
    <ClInclude Include="Source\AcsFramework_Core\Audio\Music\IMusicStateSource.h">
      <Filter>Source\AcsFramework_Core\Audio\Music</Filter>
    </ClInclude>
    <ClInclude Include="Source\AcsFramework_Core\Audio\Music\MusicPriority.h">
      <Filter>Source\AcsFramework_Core\Audio\Music</Filter>
    </ClInclude>
    <ClInclude Include="Source\AcsFramework_Core\Audio\Music\MusicStateArbiter.h">
      <Filter>Source\AcsFramework_Core\Audio\Music</Filter>
    </ClInclude>
    <ClInclude Include="Source\AcsFramework_Core\Audio\Music\MusicStateRequest.h">
      <Filter>Source\AcsFramework_Core\Audio\Music</Filter>
    </ClInclude>
    <ClInclude Include="Source\AcsFramework_Core\Audio\Music\MusicStingerPump.h">
      <Filter>Source\AcsFramework_Core\Audio\Music</Filter>
    </ClInclude>
    <ClInclude Include="Source\AcsFramework_Core\Audio\Music\MusicSubsystem.h">
      <Filter>Source\AcsFramework_Core\Audio\Music</Filter>
    </ClInclude>
    <ClInclude Include="Source\AcsFramework_Core\Audio\Music\MusicTrackCatalog.h">
      <Filter>Source\AcsFramework_Core\Audio\Music</Filter>
    </ClInclude>
    <ClInclude Include="Source\AcsFramework_Core\Audio\Spatial\SpatialAudioSubsystem.h">
      <Filter>Source\AcsFramework_Core\Audio\Spatial</Filter>
    </ClInclude>
    <ClInclude Include="Source\AcsFramework_Core\Audio\Spatial\SpatialListenerBinder.h">
      <Filter>Source\AcsFramework_Core\Audio\Spatial</Filter>
    </ClInclude>
    <ClInclude Include="Source\AcsFramework_Core\Audio\Spatial\SpatialPlayRequest.h">
      <Filter>Source\AcsFramework_Core\Audio\Spatial</Filter>
    </ClInclude>
    <ClInclude Include="Source\AcsFramework_Core\Audio\Spatial\SpatialSfxRouter.h">
      <Filter>Source\AcsFramework_Core\Audio\Spatial</Filter>
    </ClInclude>
    <ClInclude Include="Source\AcsFramework_Core\Audio\Spatial\SpatialSourceRegistry.h">
      <Filter>Source\AcsFramework_Core\Audio\Spatial</Filter>
    </ClInclude>
    <ClInclude Include="Source\AcsFramework_Core\Scene\Prefab\IPrefabProvider.h">
      <Filter>Source\AcsFramework_Core\Scene\Prefab</Filter>
    </ClInclude>
    <ClInclude Include="Source\AcsFramework_Core\Scene\Prefab\PrefabRegistrar.h">
      <Filter>Source\AcsFramework_Core\Scene\Prefab</Filter>
    </ClInclude>
    <ClInclude Include="Source\AcsFramework_Core\Scene\Prefab\PrefabSpawnParams.h">
      <Filter>Source\AcsFramework_Core\Scene\Prefab</Filter>
    </ClInclude>
    <ClInclude Include="Source\AcsFramework_Core\Scene\Prefab\PrefabSpawner.h">
      <Filter>Source\AcsFramework_Core\Scene\Prefab</Filter>
    </ClInclude>
    <ClInclude Include="Source\AcsFramework_Core\Scene\Prefab\PrefabSubsystem.h">
      <Filter>Source\AcsFramework_Core\Scene\Prefab</Filter>
    </ClInclude>
    <ClInclude Include="Source\AcsFramework_Core\Scene\Snapshot\SceneSnapshotBuffer.h">
      <Filter>Source\AcsFramework_Core\Scene\Snapshot</Filter>
    </ClInclude>
    <ClInclude Include="Source\AcsFramework_Core\Scene\Snapshot\SceneSnapshotFile.h">
      <Filter>Source\AcsFramework_Core\Scene\Snapshot</Filter>
    </ClInclude>
    <ClInclude Include="Source\AcsFramework_Core\Scene\Snapshot\SceneSnapshotReader.h">
      <Filter>Source\AcsFramework_Core\Scene\Snapshot</Filter>
    </ClInclude>
    <ClInclude Include="Source\AcsFramework_Core\Scene\Snapshot\SceneSnapshotStatus.h">
      <Filter>Source\AcsFramework_Core\Scene\Snapshot</Filter>
    </ClInclude>
    <ClInclude Include="Source\AcsFramework_Core\Scene\Snapshot\SceneSnapshotSubsystem.h">
      <Filter>Source\AcsFramework_Core\Scene\Snapshot</Filter>
    </ClInclude>
    <ClInclude Include="Source\AcsFramework_Core\Scene\Snapshot\SceneSnapshotWriter.h">
      <Filter>Source\AcsFramework_Core\Scene\Snapshot</Filter>
    </ClInclude>
    <ClInclude Include="Source\Common\Text\InternedNamePool.h">
      <Filter>Source\Common\Text</Filter>
    </ClInclude>
    <ClInclude Include="Source\Debug\DevConsole\Builtin\ConsoleCommandsApp.h">
      <Filter>Source\Debug\DevConsole\Builtin</Filter>
    </ClInclude>
    <ClInclude Include="Source\Debug\DevConsole\Builtin\ConsoleCommandsAudio.h">
      <Filter>Source\Debug\DevConsole\Builtin</Filter>
    </ClInclude>
    <ClInclude Include="Source\Debug\DevConsole\Builtin\ConsoleCommandsPerf.h">
      <Filter>Source\Debug\DevConsole\Builtin</Filter>
    </ClInclude>
    <ClInclude Include="Source\Debug\DevConsole\ConsoleArgumentReader.h">
      <Filter>Source\Debug\DevConsole</Filter>
    </ClInclude>
    <ClInclude Include="Source\Debug\DevConsole\ConsoleCommandRegistrar.h">
      <Filter>Source\Debug\DevConsole</Filter>
    </ClInclude>
    <ClInclude Include="Source\Debug\DevConsole\ConsoleLogTail.h">
      <Filter>Source\Debug\DevConsole</Filter>
    </ClInclude>
    <ClInclude Include="Source\Debug\DevConsole\DevConsoleSubsystem.h">
      <Filter>Source\Debug\DevConsole</Filter>
    </ClInclude>
    <ClInclude Include="Source\Debug\DevConsole\IConsoleCommandProvider.h">
      <Filter>Source\Debug\DevConsole</Filter>
    </ClInclude>
    <ClInclude Include="Source\Debug\DevConsole\View\ConsoleLogRow.h">
      <Filter>Source\Debug\DevConsole\View</Filter>
    </ClInclude>
    <ClInclude Include="Source\Debug\DevConsole\View\DevConsolePage.h">
      <Filter>Source\Debug\DevConsole\View</Filter>
    </ClInclude>
    <ClInclude Include="Source\Debug\HotReload\Builtin\HotReloadLogHandler.h">
      <Filter>Source\Debug\HotReload\Builtin</Filter>
    </ClInclude>
    <ClInclude Include="Source\Debug\HotReload\HotReloadDispatcher.h">
      <Filter>Source\Debug\HotReload</Filter>
    </ClInclude>
    <ClInclude Include="Source\Debug\HotReload\HotReloadSubsystem.h">
      <Filter>Source\Debug\HotReload</Filter>
    </ClInclude>
    <ClInclude Include="Source\Debug\HotReload\HotReloadWatchEntry.h">
      <Filter>Source\Debug\HotReload</Filter>
    </ClInclude>
    <ClInclude Include="Source\Debug\HotReload\HotReloadWatchPlan.h">
      <Filter>Source\Debug\HotReload</Filter>
    </ClInclude>
    <ClInclude Include="Source\Debug\HotReload\IHotReloadHandler.h">
      <Filter>Source\Debug\HotReload</Filter>
    </ClInclude>
    <ClInclude Include="Source\Debug\HotReload\View\HotReloadPage.h">
      <Filter>Source\Debug\HotReload\View</Filter>
    </ClInclude>
    <ClInclude Include="Source\Debug\Perf\PerfBudgetRow.h">
      <Filter>Source\Debug\Perf</Filter>
    </ClInclude>
    <ClInclude Include="Source\Debug\Perf\PerfBudgetSnapshot.h">
      <Filter>Source\Debug\Perf</Filter>
    </ClInclude>
    <ClInclude Include="Source\Debug\Perf\PerfBudgetSubsystem.h">
      <Filter>Source\Debug\Perf</Filter>
    </ClInclude>
    <ClInclude Include="Source\Debug\Perf\PerfCategoryDefinition.h">
      <Filter>Source\Debug\Perf</Filter>
    </ClInclude>
    <ClInclude Include="Source\Debug\Perf\PerfCategoryPlan.h">
      <Filter>Source\Debug\Perf</Filter>
    </ClInclude>
    <ClInclude Include="Source\Debug\Perf\ScopedPerfSample.h">
      <Filter>Source\Debug\Perf</Filter>
    </ClInclude>
    <ClInclude Include="Source\Debug\Perf\View\PerfBudgetPage.h">
      <Filter>Source\Debug\Perf\View</Filter>
    </ClInclude>
    <ClInclude Include="Source\Debug\Perf\View\PerfCategoryRow.h">
      <Filter>Source\Debug\Perf\View</Filter>
    </ClInclude>
    <ClInclude Include="Source\AcsFramework_Core\Simulation\ActionInput.h">
      <Filter>Source\AcsFramework_Core\Simulation</Filter>
    </ClInclude>
    <ClInclude Include="Source\AcsFramework_Core\Simulation\IActionInputSource.h">
      <Filter>Source\AcsFramework_Core\Simulation</Filter>
    </ClInclude>
    <ClInclude Include="Source\AcsFramework_Core\Simulation\ActionInputTape.h">
      <Filter>Source\AcsFramework_Core\Simulation</Filter>
    </ClInclude>
    <ClInclude Include="Source\AcsFramework_Core\Simulation\DeterministicRandom.h">
      <Filter>Source\AcsFramework_Core\Simulation</Filter>
    </ClInclude>
    <ClInclude Include="Source\AcsFramework_Core\Simulation\FixedStepDriver.h">
      <Filter>Source\AcsFramework_Core\Simulation</Filter>
    </ClInclude>
    <ClInclude Include="Source\AcsFramework_Core\Simulation\SimulationEvent.h">
      <Filter>Source\AcsFramework_Core\Simulation</Filter>
    </ClInclude>
    <ClInclude Include="Source\AcsFramework_Core\Simulation\SimulationEventQueue.h">
      <Filter>Source\AcsFramework_Core\Simulation</Filter>
    </ClInclude>
    <ClInclude Include="Source\AcsFramework_Core\Simulation\SimulationContext.h">
      <Filter>Source\AcsFramework_Core\Simulation</Filter>
    </ClInclude>
    <ClInclude Include="Source\AcsFramework_Core\Simulation\ISimulationRule.h">
      <Filter>Source\AcsFramework_Core\Simulation</Filter>
    </ClInclude>
    <ClInclude Include="Source\AcsFramework_Core\Simulation\SimulationSubsystem.h">
      <Filter>Source\AcsFramework_Core\Simulation</Filter>
    </ClInclude>
    <ClInclude Include="Source\AcsFramework_Core\Simulation\Input\IActionDeviceReader.h">
      <Filter>Source\AcsFramework_Core\Simulation\Input</Filter>
    </ClInclude>
    <ClInclude Include="Source\AcsFramework_Core\Simulation\Input\ActionBinding.h">
      <Filter>Source\AcsFramework_Core\Simulation\Input</Filter>
    </ClInclude>
    <ClInclude Include="Source\AcsFramework_Core\Simulation\Input\ActionBindingTable.h">
      <Filter>Source\AcsFramework_Core\Simulation\Input</Filter>
    </ClInclude>
    <ClInclude Include="Source\AcsFramework_Core\Simulation\Input\DeviceActionReader.h">
      <Filter>Source\AcsFramework_Core\Simulation\Input</Filter>
    </ClInclude>
    <ClInclude Include="Source\AcsFramework_Core\Simulation\Input\BoundActionSource.h">
      <Filter>Source\AcsFramework_Core\Simulation\Input</Filter>
    </ClInclude>
    <ClInclude Include="Source\AcsFramework_Core\Simulation\ReplayFile.h">
      <Filter>Source\AcsFramework_Core\Simulation</Filter>
    </ClInclude>
    <ClInclude Include="Source\Common\File\AcsArchiveFile.h">
      <Filter>Source\Common\File</Filter>
    </ClInclude>
    <ClInclude Include="Source\Debug\Simulation\View\SimulationPage.h">
      <Filter>Source\Debug\Simulation\View</Filter>
    </ClInclude>
    <ClInclude Include="Source\AcsFramework_Core\Simulation\SimulationSnapshot.h">
      <Filter>Source\AcsFramework_Core\Simulation</Filter>
    </ClInclude>
    <ClInclude Include="Source\AcsFramework_Core\Simulation\SimulationSnapshotFile.h">
      <Filter>Source\AcsFramework_Core\Simulation</Filter>
    </ClInclude>
    <ClInclude Include="Source\Debug\HotReload\IHotReloadEventSource.h">
      <Filter>Source\Debug\HotReload</Filter>
    </ClInclude>
    <ClInclude Include="Source\Debug\HotReload\WatcherEventSource.h">
      <Filter>Source\Debug\HotReload</Filter>
    </ClInclude>
    <ClInclude Include="Source\Common\Compat\AcsEnumReflection.h">
      <Filter>Source\Common\Compat</Filter>
    </ClInclude>
    <ClInclude Include="Source\Common\Compat\AcsUiFont.h">
      <Filter>Source\Common\Compat</Filter>
    </ClInclude>
    <ClInclude Include="Source\Common\Compat\AcsAnnotations.h">
      <Filter>Source\Common\Compat</Filter>
    </ClInclude>
    <ClInclude Include="Source\AcsFramework_Core\Text\Localization\TextArgument.h">
      <Filter>Source\AcsFramework_Core\Text\Localization</Filter>
    </ClInclude>
    <ClInclude Include="Source\AcsFramework_Core\Text\Localization\TextFormatter.h">
      <Filter>Source\AcsFramework_Core\Text\Localization</Filter>
    </ClInclude>
    <ClInclude Include="Source\AcsFramework_Core\Text\Localization\LocaleCatalog.h">
      <Filter>Source\AcsFramework_Core\Text\Localization</Filter>
    </ClInclude>
    <ClInclude Include="Source\AcsFramework_Core\Text\Localization\LocaleName.h">
      <Filter>Source\AcsFramework_Core\Text\Localization</Filter>
    </ClInclude>
    <ClInclude Include="Source\AcsFramework_Core\Text\Localization\LocalizationTableParser.h">
      <Filter>Source\AcsFramework_Core\Text\Localization</Filter>
    </ClInclude>
    <ClInclude Include="Source\AcsFramework_Core\Text\Localization\LocaleChangeBroadcaster.h">
      <Filter>Source\AcsFramework_Core\Text\Localization</Filter>
    </ClInclude>
    <ClInclude Include="Source\AcsFramework_Core\Text\Localization\ILocaleChangeListener.h">
      <Filter>Source\AcsFramework_Core\Text\Localization</Filter>
    </ClInclude>
    <ClInclude Include="Source\AcsFramework_Core\Text\Localization\LocalizationSubsystem.h">
      <Filter>Source\AcsFramework_Core\Text\Localization</Filter>
    </ClInclude>
    <ClInclude Include="Source\AcsFramework_Core\Scene\Model3D\Model3DSpawnParams.h">
      <Filter>Source\AcsFramework_Core\Scene\Model3D</Filter>
    </ClInclude>
    <ClInclude Include="Source\AcsFramework_Core\Scene\Model3D\Model3DSpawner.h">
      <Filter>Source\AcsFramework_Core\Scene\Model3D</Filter>
    </ClInclude>
  </ItemGroup>
  <ItemGroup>
    <None Include="Source\AcsFramework_Core\README.md">
      <Filter>Source\AcsFramework_Core</Filter>
    </None>
    <None Include="Source\AcsFramework_Core\Audio\Music\README.md">
      <Filter>Source\AcsFramework_Core\Audio\Music</Filter>
    </None>
    <None Include="Source\AcsFramework_Core\Audio\Spatial\README.md">
      <Filter>Source\AcsFramework_Core\Audio\Spatial</Filter>
    </None>
    <None Include="Source\AcsFramework_Core\Scene\Prefab\README.md">
      <Filter>Source\AcsFramework_Core\Scene\Prefab</Filter>
    </None>
    <None Include="Source\AcsFramework_Core\Scene\Snapshot\README.md">
      <Filter>Source\AcsFramework_Core\Scene\Snapshot</Filter>
    </None>
    <None Include="Source\Debug\DevConsole\README.md">
      <Filter>Source\Debug\DevConsole</Filter>
    </None>
    <None Include="Source\Debug\HotReload\README.md">
      <Filter>Source\Debug\HotReload</Filter>
    </None>
    <None Include="Source\Debug\Perf\README.md">
      <Filter>Source\Debug\Perf</Filter>
    </None>
    <None Include="Source\AcsFramework_Core\Simulation\README.md">
      <Filter>Source\AcsFramework_Core\Simulation</Filter>
    </None>
    <None Include="Source\AcsFramework_Core\Simulation\Test\SimulationDeterminismTest.cpp">
      <Filter>Source\AcsFramework_Core\Simulation\Test</Filter>
    </None>
    <None Include="Tools\RunSimulationDeterminismTest.ps1">
      <Filter>Tools</Filter>
    </None>
    <None Include="Source\Debug\Simulation\README.md">
      <Filter>Source\Debug\Simulation</Filter>
    </None>
    <None Include="Source\Common\Test\TestHarness.h">
      <Filter>Source\Common\Test</Filter>
    </None>
    <None Include="Source\Common\Test\TestHarness.cpp">
      <Filter>Source\Common\Test</Filter>
    </None>
    <None Include="Source\Common\Test\UnitTestMain.cpp">
      <Filter>Source\Common\Test</Filter>
    </None>
    <None Include="Source\Common\Test\InternedNamePoolTest.cpp">
      <Filter>Source\Common\Test</Filter>
    </None>
    <None Include="Source\Common\Test\README.md">
      <Filter>Source\Common\Test</Filter>
    </None>
    <None Include="Source\AcsFramework_Core\Simulation\Test\ActionInputTapeTest.cpp">
      <Filter>Source\AcsFramework_Core\Simulation\Test</Filter>
    </None>
    <None Include="Source\AcsFramework_Core\Simulation\Test\ActionBindingTableTest.cpp">
      <Filter>Source\AcsFramework_Core\Simulation\Test</Filter>
    </None>
    <None Include="Source\AcsFramework_Core\Simulation\Test\SimulationEventQueueTest.cpp">
      <Filter>Source\AcsFramework_Core\Simulation\Test</Filter>
    </None>
    <None Include="Source\AcsFramework_Core\Audio\Music\Test\MusicStateArbiterTest.cpp">
      <Filter>Source\AcsFramework_Core\Audio\Music\Test</Filter>
    </None>
    <None Include="Source\AcsFramework_Core\Audio\Spatial\Test\SpatialSourceRegistryTest.cpp">
      <Filter>Source\AcsFramework_Core\Audio\Spatial\Test</Filter>
    </None>
    <None Include="Source\AcsFramework_Core\Scene\Snapshot\Test\SceneSnapshotStatusTest.cpp">
      <Filter>Source\AcsFramework_Core\Scene\Snapshot\Test</Filter>
    </None>
    <None Include="Source\Debug\DevConsole\Test\ConsoleArgumentReaderTest.cpp">
      <Filter>Source\Debug\DevConsole\Test</Filter>
    </None>
    <None Include="Source\Debug\Perf\Test\PerfBudgetTest.cpp">
      <Filter>Source\Debug\Perf\Test</Filter>
    </None>
    <None Include="Tools\RunUnitTests.ps1">
      <Filter>Tools</Filter>
    </None>
    <None Include="Source\Common\Test\AcsArchiveFileTest.cpp">
      <Filter>Source\Common\Test</Filter>
    </None>
    <None Include="Source\AcsFramework_Core\Simulation\Test\SimulationSnapshotTest.cpp">
      <Filter>Source\AcsFramework_Core\Simulation\Test</Filter>
    </None>
    <None Include="Source\AcsFramework_Core\Scene\Prefab\Test\PrefabSpawnerTest.cpp">
      <Filter>Source\AcsFramework_Core\Scene\Prefab\Test</Filter>
    </None>
    <None Include="Source\Debug\HotReload\Test\HotReloadDispatcherTest.cpp">
      <Filter>Source\Debug\HotReload\Test</Filter>
    </None>
    <None Include="Source\AcsFramework_Core\Scene\Snapshot\Test\SceneSnapshotTest.cpp">
      <Filter>Source\AcsFramework_Core\Scene\Snapshot\Test</Filter>
    </None>
    <None Include="Source\AcsFramework_Core\Simulation\Test\FixedStepDriverTest.cpp">
      <Filter>Source\AcsFramework_Core\Simulation\Test</Filter>
    </None>
    <None Include="Source\Common\Compat\README.md">
      <Filter>Source\Common\Compat</Filter>
    </None>
    <None Include="Source\Common\Test\EnumReflectionTest.cpp">
      <Filter>Source\Common\Test</Filter>
    </None>
    <None Include="Source\AcsFramework_Core\Text\Localization\README.md">
      <Filter>Source\AcsFramework_Core\Text\Localization</Filter>
    </None>
    <None Include="Source\AcsFramework_Core\Text\Localization\Test\LocalizationTest.cpp">
      <Filter>Source\AcsFramework_Core\Text\Localization\Test</Filter>
    </None>
    <None Include="Docs\ROADMAP.md">
      <Filter>Docs</Filter>
    </None>
    <None Include="Source\AcsFramework_Core\Scene\Model3D\README.md">
      <Filter>Source\AcsFramework_Core\Scene\Model3D</Filter>
    </None>
    <None Include="Source\AcsFramework_Core\Scene\Model3D\Test\Model3DSpawnerTest.cpp">
      <Filter>Source\AcsFramework_Core\Scene\Model3D\Test</Filter>
    </None>
    <None Include="Tools\UpdateAcsDist.ps1">
      <Filter>Tools</Filter>
    </None>
    <None Include="Tools\RunAcsTests.ps1">
      <Filter>Tools</Filter>
    </None>
  </ItemGroup>
</Project>
